
Microsoft Visual Studio Solution File, Format Version 12.00
# Visual Studio Version 17
VisualStudioVersion = 17.12.35707.178 d17.12
MinimumVisualStudioVersion = 10.0.40219.1
Project("{FAE04EC0-301F-11D3-BF4B-00C04F79EFBC}") = "Presentation.API", "Presentation.API\Presentation.API.csproj", "{18B9F2CE-C80F-41BD-9C1E-E6E3B7E58D97}"
EndProject
Project("{FAE04EC0-301F-11D3-BF4B-00C04F79EFBC}") = "UnitTest", "UnitTest\UnitTest.csproj", "{DC705581-46AA-45A9-8594-9EB83D5B68B1}"
EndProject
Project("{FAE04EC0-301F-11D3-BF4B-00C04F79EFBC}") = "Core.Application2", "Core.Application2\Core.Application2.csproj", "{D2AC4662-6904-4B32-9CF3-E3B0C314C8C5}"
EndProject
Global
	GlobalSection(SolutionConfigurationPlatforms) = preSolution
		Debug|Any CPU = Debug|Any CPU
		Release|Any CPU = Release|Any CPU
	EndGlobalSection
	GlobalSection(ProjectConfigurationPlatforms) = postSolution
		{18B9F2CE-C80F-41BD-9C1E-E6E3B7E58D97}.Debug|Any CPU.ActiveCfg = Debug|Any CPU
		{18B9F2CE-C80F-41BD-9C1E-E6E3B7E58D97}.Debug|Any CPU.Build.0 = Debug|Any CPU
		{18B9F2CE-C80F-41BD-9C1E-E6E3B7E58D97}.Release|Any CPU.ActiveCfg = Release|Any CPU
		{18B9F2CE-C80F-41BD-9C1E-E6E3B7E58D97}.Release|Any CPU.Build.0 = Release|Any CPU
		{DC705581-46AA-45A9-8594-9EB83D5B68B1}.Debug|Any CPU.ActiveCfg = Debug|Any CPU
		{DC705581-46AA-45A9-8594-9EB83D5B68B1}.Debug|Any CPU.Build.0 = Debug|Any CPU
		{DC705581-46AA-45A9-8594-9EB83D5B68B1}.Release|Any CPU.ActiveCfg = Release|Any CPU
		{DC705581-46AA-45A9-8594-9EB83D5B68B1}.Release|Any CPU.Build.0 = Release|Any CPU
		{D2AC4662-6904-4B32-9CF3-E3B0C314C8C5}.Debug|Any CPU.ActiveCfg = Debug|Any CPU
		{D2AC4662-6904-4B32-9CF3-E3B0C314C8C5}.Debug|Any CPU.Build.0 = Debug|Any CPU
		{D2AC4662-6904-4B32-9CF3-E3B0C314C8C5}.Release|Any CPU.ActiveCfg = Release|Any CPU
		{D2AC4662-6904-4B32-9CF3-E3B0C314C8C5}.Release|Any CPU.Build.0 = Release|Any CPU
	EndGlobalSection
	GlobalSection(SolutionProperties) = preSolution
		HideSolutionNode = FALSE
	EndGlobalSection
EndGlobal
